
Microsoft Visual Studio Solution File, Format Version 12.00
# Visual Studio Version 16
VisualStudioVersion = 16.0.29519.87
MinimumVisualStudioVersion = 10.0.40219.1
Project("{FAE04EC0-301F-11D3-BF4B-00C04F79EFBC}") = "HTTP5101_bonus_assignment", "HTTP5101_bonus_assignment\HTTP5101_bonus_assignment.csproj", "{1090ABAB-42BF-4193-B71D-FEEBFEC2273C}"
EndProject
Global
	GlobalSection(SolutionConfigurationPlatforms) = preSolution
		Debug|Any CPU = Debug|Any CPU
		Release|Any CPU = Release|Any CPU
	EndGlobalSection
	GlobalSection(ProjectConfigurationPlatforms) = postSolution
		{1090ABAB-42BF-4193-B71D-FEEBFEC2273C}.Debug|Any CPU.ActiveCfg = Debug|Any CPU
		{1090ABAB-42BF-4193-B71D-FEEBFEC2273C}.Debug|Any CPU.Build.0 = Debug|Any CPU
		{1090ABAB-42BF-4193-B71D-FEEBFEC2273C}.Release|Any CPU.ActiveCfg = Release|Any CPU
		{1090ABAB-42BF-4193-B71D-FEEBFEC2273C}.Release|Any CPU.Build.0 = Release|Any CPU
	EndGlobalSection
	GlobalSection(SolutionProperties) = preSolution
		HideSolutionNode = FALSE
	EndGlobalSection
	GlobalSection(ExtensibilityGlobals) = postSolution
		SolutionGuid = {805B9969-E507-46F2-86C0-7FB60DC5ABAE}
	EndGlobalSection
EndGlobal
